
Microsoft Visual Studio Solution File, Format Version 12.00
# Visual Studio Version 17
VisualStudioVersion = 17.0.32014.148
MinimumVisualStudioVersion = 10.0.40219.1
Project("{9A19103F-16F7-4668-BE54-9A1E7A4F7556}") = "MidCapERP.WebAPI", "MidCapERP.WebAPI\MidCapERP.WebAPI.csproj", "{89B66E5D-7898-42B5-8779-26E5D702C5FB}"
EndProject
Project("{9A19103F-16F7-4668-BE54-9A1E7A4F7556}") = "MidCapERP.DataAccess", "MidCapERP.DataAccess\MidCapERP.DataAccess.csproj", "{BB49A5AC-7890-4245-BF2B-1BFCF591B144}"
EndProject
Project("{9A19103F-16F7-4668-BE54-9A1E7A4F7556}") = "MidCapERP.DataEntities", "MidCapERP.DataEntities\MidCapERP.DataEntities.csproj", "{B700E22D-F4A8-4D29-A511-D6F5D957770B}"
EndProject
Project("{9A19103F-16F7-4668-BE54-9A1E7A4F7556}") = "MidCapERP.BusinessLogic", "MidCapERP.BusinessLogic\MidCapERP.BusinessLogic.csproj", "{FE2EE9EC-5C7E-4A97-A3ED-EE012E5ABF26}"
EndProject
Project("{9A19103F-16F7-4668-BE54-9A1E7A4F7556}") = "MidCapERP.Dto", "MidCapERP.Dto\MidCapERP.Dto.csproj", "{8DEB2045-D058-4965-B814-D548E6D7C3C5}"
EndProject
Project("{9A19103F-16F7-4668-BE54-9A1E7A4F7556}") = "MidCapERP.Admin", "MidCapERP.Admin\MidCapERP.Admin.csproj", "{8E21C110-471D-4C01-8B71-CEF500B592E8}"
EndProject
Project("{9A19103F-16F7-4668-BE54-9A1E7A4F7556}") = "MidCapERP.Infrastructure", "MidCapERP.Infrastructure\MidCapERP.Infrastructure.csproj", "{CA1EC6D4-EAAA-4D86-A6CA-17421747D95D}"
EndProject
Project("{9A19103F-16F7-4668-BE54-9A1E7A4F7556}") = "MidCapERP.Core", "MidCapERP.Core\MidCapERP.Core.csproj", "{263AE181-6783-4715-84E0-43A95FFC10F2}"
EndProject
Project("{FAE04EC0-301F-11D3-BF4B-00C04F79EFBC}") = "MidCapERP.CronJob", "MidCapERP.CronJob\MidCapERP.CronJob.csproj", "{2FA6ADB6-B0D6-484A-93B9-22BFDF8FE8D2}"
EndProject
Global
	GlobalSection(SolutionConfigurationPlatforms) = preSolution
		Debug|Any CPU = Debug|Any CPU
		Release|Any CPU = Release|Any CPU
	EndGlobalSection
	GlobalSection(ProjectConfigurationPlatforms) = postSolution
		{89B66E5D-7898-42B5-8779-26E5D702C5FB}.Debug|Any CPU.ActiveCfg = Debug|Any CPU
		{89B66E5D-7898-42B5-8779-26E5D702C5FB}.Debug|Any CPU.Build.0 = Debug|Any CPU
		{89B66E5D-7898-42B5-8779-26E5D702C5FB}.Release|Any CPU.ActiveCfg = Release|Any CPU
		{89B66E5D-7898-42B5-8779-26E5D702C5FB}.Release|Any CPU.Build.0 = Release|Any CPU
		{BB49A5AC-7890-4245-BF2B-1BFCF591B144}.Debug|Any CPU.ActiveCfg = Debug|Any CPU
		{BB49A5AC-7890-4245-BF2B-1BFCF591B144}.Debug|Any CPU.Build.0 = Debug|Any CPU
		{BB49A5AC-7890-4245-BF2B-1BFCF591B144}.Release|Any CPU.ActiveCfg = Release|Any CPU
		{BB49A5AC-7890-4245-BF2B-1BFCF591B144}.Release|Any CPU.Build.0 = Release|Any CPU
		{B700E22D-F4A8-4D29-A511-D6F5D957770B}.Debug|Any CPU.ActiveCfg = Debug|Any CPU
		{B700E22D-F4A8-4D29-A511-D6F5D957770B}.Debug|Any CPU.Build.0 = Debug|Any CPU
		{B700E22D-F4A8-4D29-A511-D6F5D957770B}.Release|Any CPU.ActiveCfg = Release|Any CPU
		{B700E22D-F4A8-4D29-A511-D6F5D957770B}.Release|Any CPU.Build.0 = Release|Any CPU
		{FE2EE9EC-5C7E-4A97-A3ED-EE012E5ABF26}.Debug|Any CPU.ActiveCfg = Debug|Any CPU
		{FE2EE9EC-5C7E-4A97-A3ED-EE012E5ABF26}.Debug|Any CPU.Build.0 = Debug|Any CPU
		{FE2EE9EC-5C7E-4A97-A3ED-EE012E5ABF26}.Release|Any CPU.ActiveCfg = Release|Any CPU
		{FE2EE9EC-5C7E-4A97-A3ED-EE012E5ABF26}.Release|Any CPU.Build.0 = Release|Any CPU
		{8DEB2045-D058-4965-B814-D548E6D7C3C5}.Debug|Any CPU.ActiveCfg = Debug|Any CPU
		{8DEB2045-D058-4965-B814-D548E6D7C3C5}.Debug|Any CPU.Build.0 = Debug|Any CPU
		{8DEB2045-D058-4965-B814-D548E6D7C3C5}.Release|Any CPU.ActiveCfg = Release|Any CPU
		{8DEB2045-D058-4965-B814-D548E6D7C3C5}.Release|Any CPU.Build.0 = Release|Any CPU
		{8E21C110-471D-4C01-8B71-CEF500B592E8}.Debug|Any CPU.ActiveCfg = Debug|Any CPU
		{8E21C110-471D-4C01-8B71-CEF500B592E8}.Debug|Any CPU.Build.0 = Debug|Any CPU
		{8E21C110-471D-4C01-8B71-CEF500B592E8}.Release|Any CPU.ActiveCfg = Release|Any CPU
		{8E21C110-471D-4C01-8B71-CEF500B592E8}.Release|Any CPU.Build.0 = Release|Any CPU
		{CA1EC6D4-EAAA-4D86-A6CA-17421747D95D}.Debug|Any CPU.ActiveCfg = Debug|Any CPU
		{CA1EC6D4-EAAA-4D86-A6CA-17421747D95D}.Debug|Any CPU.Build.0 = Debug|Any CPU
		{CA1EC6D4-EAAA-4D86-A6CA-17421747D95D}.Release|Any CPU.ActiveCfg = Release|Any CPU
		{CA1EC6D4-EAAA-4D86-A6CA-17421747D95D}.Release|Any CPU.Build.0 = Release|Any CPU
		{263AE181-6783-4715-84E0-43A95FFC10F2}.Debug|Any CPU.ActiveCfg = Debug|Any CPU
		{263AE181-6783-4715-84E0-43A95FFC10F2}.Debug|Any CPU.Build.0 = Debug|Any CPU
		{263AE181-6783-4715-84E0-43A95FFC10F2}.Release|Any CPU.ActiveCfg = Release|Any CPU
		{263AE181-6783-4715-84E0-43A95FFC10F2}.Release|Any CPU.Build.0 = Release|Any CPU
		{2FA6ADB6-B0D6-484A-93B9-22BFDF8FE8D2}.Debug|Any CPU.ActiveCfg = Debug|Any CPU
		{2FA6ADB6-B0D6-484A-93B9-22BFDF8FE8D2}.Debug|Any CPU.Build.0 = Debug|Any CPU
		{2FA6ADB6-B0D6-484A-93B9-22BFDF8FE8D2}.Release|Any CPU.ActiveCfg = Release|Any CPU
		{2FA6ADB6-B0D6-484A-93B9-22BFDF8FE8D2}.Release|Any CPU.Build.0 = Release|Any CPU
	EndGlobalSection
	GlobalSection(SolutionProperties) = preSolution
		HideSolutionNode = FALSE
	EndGlobalSection
	GlobalSection(ExtensibilityGlobals) = postSolution
		SolutionGuid = {F55EC286-92FC-4A9B-87D0-E345C235D00E}
	EndGlobalSection
EndGlobal
